
Microsoft Visual Studio Solution File, Format Version 12.00
# Visual Studio 14
VisualStudioVersion = 14.0.23107.0
MinimumVisualStudioVersion = 10.0.40219.1
Project("{FAE04EC0-301F-11D3-BF4B-00C04F79EFBC}") = "TextEditor", "TextEditor\TextEditor.csproj", "{A7B667C0-83A0-4505-91F9-02ED07CC4CFB}"
EndProject
Global
	GlobalSection(SolutionConfigurationPlatforms) = preSolution
		Debug|Any CPU = Debug|Any CPU
		Release|Any CPU = Release|Any CPU
	EndGlobalSection
	GlobalSection(ProjectConfigurationPlatforms) = postSolution
		{A7B667C0-83A0-4505-91F9-02ED07CC4CFB}.Debug|Any CPU.ActiveCfg = Debug|Any CPU
		{A7B667C0-83A0-4505-91F9-02ED07CC4CFB}.Debug|Any CPU.Build.0 = Debug|Any CPU
		{A7B667C0-83A0-4505-91F9-02ED07CC4CFB}.Release|Any CPU.ActiveCfg = Release|Any CPU
		{A7B667C0-83A0-4505-91F9-02ED07CC4CFB}.Release|Any CPU.Build.0 = Release|Any CPU
	EndGlobalSection
	GlobalSection(SolutionProperties) = preSolution
		HideSolutionNode = FALSE
	EndGlobalSection
EndGlobal
